// !$*UTF8*$!
{
	archiveVersion = 1;
	classes = {
	};
	objectVersion = 56;
	objects = {

/* Begin PBXBuildFile section */
		FB595ACC2ACB4E8400F585A5 /* AppDelegate.swift in Sources */ = {isa = PBXBuildFile; fileRef = FB595ACB2ACB4E8400F585A5 /* AppDelegate.swift */; };
		FB595ACE2ACB4E8400F585A5 /* SceneDelegate.swift in Sources */ = {isa = PBXBuildFile; fileRef = FB595ACD2ACB4E8400F585A5 /* SceneDelegate.swift */; };
		FB595AD02ACB4E8400F585A5 /* ViewController.swift in Sources */ = {isa = PBXBuildFile; fileRef = FB595ACF2ACB4E8400F585A5 /* ViewController.swift */; };
		FB595AD32ACB4E8400F585A5 /* Main.storyboard in Resources */ = {isa = PBXBuildFile; fileRef = FB595AD12ACB4E8400F585A5 /* Main.storyboard */; };
		FB595AD52ACB4E8500F585A5 /* Assets.xcassets in Resources */ = {isa = PBXBuildFile; fileRef = FB595AD42ACB4E8500F585A5 /* Assets.xcassets */; };
		FB595AD82ACB4E8500F585A5 /* LaunchScreen.storyboard in Resources */ = {isa = PBXBuildFile; fileRef = FB595AD62ACB4E8500F585A5 /* LaunchScreen.storyboard */; };
		FB595AE32ACB4E8500F585A5 /* PersonalityQuiz_ArcaTests.swift in Sources */ = {isa = PBXBuildFile; fileRef = FB595AE22ACB4E8500F585A5 /* PersonalityQuiz_ArcaTests.swift */; };
		FB595AED2ACB4E8500F585A5 /* PersonalityQuiz_ArcaUITests.swift in Sources */ = {isa = PBXBuildFile; fileRef = FB595AEC2ACB4E8500F585A5 /* PersonalityQuiz_ArcaUITests.swift */; };
		FB595AEF2ACB4E8500F585A5 /* PersonalityQuiz_ArcaUITestsLaunchTests.swift in Sources */ = {isa = PBXBuildFile; fileRef = FB595AEE2ACB4E8500F585A5 /* PersonalityQuiz_ArcaUITestsLaunchTests.swift */; };
		FB8824C52AE033EF00664B25 /* QuestionViewController.swift in Sources */ = {isa = PBXBuildFile; fileRef = FB8824C42AE033EF00664B25 /* QuestionViewController.swift */; };
		FB8824C72AE0340A00664B25 /* ResultsViewController.swift in Sources */ = {isa = PBXBuildFile; fileRef = FB8824C62AE0340A00664B25 /* ResultsViewController.swift */; };
		FB8824C92AE034D400664B25 /* IntroductionViewController.swift in Sources */ = {isa = PBXBuildFile; fileRef = FB8824C82AE034D400664B25 /* IntroductionViewController.swift */; };
		FB8824CB2AE03BAE00664B25 /* QuestionData.swift in Sources */ = {isa = PBXBuildFile; fileRef = FB8824CA2AE03BAE00664B25 /* QuestionData.swift */; };
/* End PBXBuildFile section */

/* Begin PBXContainerItemProxy section */
		FB595ADF2ACB4E8500F585A5 /* PBXContainerItemProxy */ = {
			isa = PBXContainerItemProxy;
			containerPortal = FB595AC02ACB4E8400F585A5 /* Project object */;
			proxyType = 1;
			remoteGlobalIDString = FB595AC72ACB4E8400F585A5;
			remoteInfo = PersonalityQuiz_Arca;
		};
		FB595AE92ACB4E8500F585A5 /* PBXContainerItemProxy */ = {
			isa = PBXContainerItemProxy;
			containerPortal = FB595AC02ACB4E8400F585A5 /* Project object */;
			proxyType = 1;
			remoteGlobalIDString = FB595AC72ACB4E8400F585A5;
			remoteInfo = PersonalityQuiz_Arca;
		};
/* End PBXContainerItemProxy section */

/* Begin PBXFileReference section */
		FB595AC82ACB4E8400F585A5 /* PersonalityQuiz_Arca.app */ = {isa = PBXFileReference; explicitFileType = wrapper.application; includeInIndex = 0; path = PersonalityQuiz_Arca.app; sourceTree = BUILT_PRODUCTS_DIR; };
		FB595ACB2ACB4E8400F585A5 /* AppDelegate.swift */ = {isa = PBXFileReference; lastKnownFileType = sourcecode.swift; path = AppDelegate.swift; sourceTree = "<group>"; };
		FB595ACD2ACB4E8400F585A5 /* SceneDelegate.swift */ = {isa = PBXFileReference; lastKnownFileType = sourcecode.swift; path = SceneDelegate.swift; sourceTree = "<group>"; };
		FB595ACF2ACB4E8400F585A5 /* ViewController.swift */ = {isa = PBXFileReference; lastKnownFileType = sourcecode.swift; path = ViewController.swift; sourceTree = "<group>"; };
		FB595AD22ACB4E8400F585A5 /* Base */ = {isa = PBXFileReference; lastKnownFileType = file.storyboard; name = Base; path = Base.lproj/Main.storyboard; sourceTree = "<group>"; };
		FB595AD42ACB4E8500F585A5 /* Assets.xcassets */ = {isa = PBXFileReference; lastKnownFileType = folder.assetcatalog; path = Assets.xcassets; sourceTree = "<group>"; };
		FB595AD72ACB4E8500F585A5 /* Base */ = {isa = PBXFileReference; lastKnownFileType = file.storyboard; name = Base; path = Base.lproj/LaunchScreen.storyboard; sourceTree = "<group>"; };
		FB595AD92ACB4E8500F585A5 /* Info.plist */ = {isa = PBXFileReference; lastKnownFileType = text.plist.xml; path = Info.plist; sourceTree = "<group>"; };
		FB595ADE2ACB4E8500F585A5 /* PersonalityQuiz_ArcaTests.xctest */ = {isa = PBXFileReference; explicitFileType = wrapper.cfbundle; includeInIndex = 0; path = PersonalityQuiz_ArcaTests.xctest; sourceTree = BUILT_PRODUCTS_DIR; };
		FB595AE22ACB4E8500F585A5 /* PersonalityQuiz_ArcaTests.swift */ = {isa = PBXFileReference; lastKnownFileType = sourcecode.swift; path = PersonalityQuiz_ArcaTests.swift; sourceTree = "<group>"; };
		FB595AE82ACB4E8500F585A5 /* PersonalityQuiz_ArcaUITests.xctest */ = {isa = PBXFileReference; explicitFileType = wrapper.cfbundle; includeInIndex = 0; path = PersonalityQuiz_ArcaUITests.xctest; sourceTree = BUILT_PRODUCTS_DIR; };
		FB595AEC2ACB4E8500F585A5 /* PersonalityQuiz_ArcaUITests.swift */ = {isa = PBXFileReference; lastKnownFileType = sourcecode.swift; path = PersonalityQuiz_ArcaUITests.swift; sourceTree = "<group>"; };
		FB595AEE2ACB4E8500F585A5 /* PersonalityQuiz_ArcaUITestsLaunchTests.swift */ = {isa = PBXFileReference; lastKnownFileType = sourcecode.swift; path = PersonalityQuiz_ArcaUITestsLaunchTests.swift; sourceTree = "<group>"; };
		FB8824C42AE033EF00664B25 /* QuestionViewController.swift */ = {isa = PBXFileReference; lastKnownFileType = sourcecode.swift; path = QuestionViewController.swift; sourceTree = "<group>"; };
		FB8824C62AE0340A00664B25 /* ResultsViewController.swift */ = {isa = PBXFileReference; lastKnownFileType = sourcecode.swift; path = ResultsViewController.swift; sourceTree = "<group>"; };
		FB8824C82AE034D400664B25 /* IntroductionViewController.swift */ = {isa = PBXFileReference; lastKnownFileType = sourcecode.swift; path = IntroductionViewController.swift; sourceTree = "<group>"; };
		FB8824CA2AE03BAE00664B25 /* QuestionData.swift */ = {isa = PBXFileReference; lastKnownFileType = sourcecode.swift; path = QuestionData.swift; sourceTree = "<group>"; };
/* End PBXFileReference section */

/* Begin PBXFrameworksBuildPhase section */
		FB595AC52ACB4E8400F585A5 /* Frameworks */ = {
			isa = PBXFrameworksBuildPhase;
			buildActionMask = 2147483647;
			files = (
			);
			runOnlyForDeploymentPostprocessing = 0;
		};
		FB595ADB2ACB4E8500F585A5 /* Frameworks */ = {
			isa = PBXFrameworksBuildPhase;
			buildActionMask = 2147483647;
			files = (
			);
			runOnlyForDeploymentPostprocessing = 0;
		};
		FB595AE52ACB4E8500F585A5 /* Frameworks */ = {
			isa = PBXFrameworksBuildPhase;
			buildActionMask = 2147483647;
			files = (
			);
			runOnlyForDeploymentPostprocessing = 0;
		};
/* End PBXFrameworksBuildPhase section */

/* Begin PBXGroup section */
		FB595ABF2ACB4E8400F585A5 = {
			isa = PBXGroup;
			children = (
				FB595ACA2ACB4E8400F585A5 /* PersonalityQuiz_Arca */,
				FB595AE12ACB4E8500F585A5 /* PersonalityQuiz_ArcaTests */,
				FB595AEB2ACB4E8500F585A5 /* PersonalityQuiz_ArcaUITests */,
				FB595AC92ACB4E8400F585A5 /* Products */,
			);
			sourceTree = "<group>";
		};
		FB595AC92ACB4E8400F585A5 /* Products */ = {
			isa = PBXGroup;
			children = (
				FB595AC82ACB4E8400F585A5 /* PersonalityQuiz_Arca.app */,
				FB595ADE2ACB4E8500F585A5 /* PersonalityQuiz_ArcaTests.xctest */,
				FB595AE82ACB4E8500F585A5 /* PersonalityQuiz_ArcaUITests.xctest */,
			);
			name = Products;
			sourceTree = "<group>";
		};
		FB595ACA2ACB4E8400F585A5 /* PersonalityQuiz_Arca */ = {
			isa = PBXGroup;
			children = (
				FB595ACB2ACB4E8400F585A5 /* AppDelegate.swift */,
				FB595ACD2ACB4E8400F585A5 /* SceneDelegate.swift */,
				FB595ACF2ACB4E8400F585A5 /* ViewController.swift */,
				FB595AD12ACB4E8400F585A5 /* Main.storyboard */,
				FB595AD42ACB4E8500F585A5 /* Assets.xcassets */,
				FB595AD62ACB4E8500F585A5 /* LaunchScreen.storyboard */,
				FB595AD92ACB4E8500F585A5 /* Info.plist */,
				FB8824C42AE033EF00664B25 /* QuestionViewController.swift */,
				FB8824C62AE0340A00664B25 /* ResultsViewController.swift */,
				FB8824C82AE034D400664B25 /* IntroductionViewController.swift */,
				FB8824CA2AE03BAE00664B25 /* QuestionData.swift */,
			);
			path = PersonalityQuiz_Arca;
			sourceTree = "<group>";
		};
		FB595AE12ACB4E8500F585A5 /* PersonalityQuiz_ArcaTests */ = {
			isa = PBXGroup;
			children = (
				FB595AE22ACB4E8500F585A5 /* PersonalityQuiz_ArcaTests.swift */,
			);
			path = PersonalityQuiz_ArcaTests;
			sourceTree = "<group>";
		};
		FB595AEB2ACB4E8500F585A5 /* PersonalityQuiz_ArcaUITests */ = {
			isa = PBXGroup;
			children = (
				FB595AEC2ACB4E8500F585A5 /* PersonalityQuiz_ArcaUITests.swift */,
				FB595AEE2ACB4E8500F585A5 /* PersonalityQuiz_ArcaUITestsLaunchTests.swift */,
			);
			path = PersonalityQuiz_ArcaUITests;
			sourceTree = "<group>";
		};
/* End PBXGroup section */

/* Begin PBXNativeTarget section */
		FB595AC72ACB4E8400F585A5 /* PersonalityQuiz_Arca */ = {
			isa = PBXNativeTarget;
			buildConfigurationList = FB595AF22ACB4E8500F585A5 /* Build configuration list for PBXNativeTarget "PersonalityQuiz_Arca" */;
			buildPhases = (
				FB595AC42ACB4E8400F585A5 /* Sources */,
				FB595AC52ACB4E8400F585A5 /* Frameworks */,
				FB595AC62ACB4E8400F585A5 /* Resources */,
			);
			buildRules = (
			);
			dependencies = (
			);
			name = PersonalityQuiz_Arca;
			productName = PersonalityQuiz_Arca;
			productReference = FB595AC82ACB4E8400F585A5 /* PersonalityQuiz_Arca.app */;
			productType = "com.apple.product-type.application";
		};
		FB595ADD2ACB4E8500F585A5 /* PersonalityQuiz_ArcaTests */ = {
			isa = PBXNativeTarget;
			buildConfigurationList = FB595AF52ACB4E8500F585A5 /* Build configuration list for PBXNativeTarget "PersonalityQuiz_ArcaTests" */;
			buildPhases = (
				FB595ADA2ACB4E8500F585A5 /* Sources */,
				FB595ADB2ACB4E8500F585A5 /* Frameworks */,
				FB595ADC2ACB4E8500F585A5 /* Resources */,
			);
			buildRules = (
			);
			dependencies = (
				FB595AE02ACB4E8500F585A5 /* PBXTargetDependency */,
			);
			name = PersonalityQuiz_ArcaTests;
			productName = PersonalityQuiz_ArcaTests;
			productReference = FB595ADE2ACB4E8500F585A5 /* PersonalityQuiz_ArcaTests.xctest */;
			productType = "com.apple.product-type.bundle.unit-test";
		};
		FB595AE72ACB4E8500F585A5 /* PersonalityQuiz_ArcaUITests */ = {
			isa = PBXNativeTarget;
			buildConfigurationList = FB595AF82ACB4E8500F585A5 /* Build configuration list for PBXNativeTarget "PersonalityQuiz_ArcaUITests" */;
			buildPhases = (
				FB595AE42ACB4E8500F585A5 /* Sources */,
				FB595AE52ACB4E8500F585A5 /* Frameworks */,
				FB595AE62ACB4E8500F585A5 /* Resources */,
			);
			buildRules = (
			);
			dependencies = (
				FB595AEA2ACB4E8500F585A5 /* PBXTargetDependency */,
			);
			name = PersonalityQuiz_ArcaUITests;
			productName = PersonalityQuiz_ArcaUITests;
			productReference = FB595AE82ACB4E8500F585A5 /* PersonalityQuiz_ArcaUITests.xctest */;
			productType = "com.apple.product-type.bundle.ui-testing";
		};
/* End PBXNativeTarget section */

/* Begin PBXProject section */
		FB595AC02ACB4E8400F585A5 /* Project object */ = {
			isa = PBXProject;
			attributes = {
				BuildIndependentTargetsInParallel = 1;
				LastSwiftUpdateCheck = 1430;
				LastUpgradeCheck = 1430;
				ORGANIZATIONNAME = "Rutgers University";
				TargetAttributes = {
					FB595AC72ACB4E8400F585A5 = {
						CreatedOnToolsVersion = 14.3;
					};
					FB595ADD2ACB4E8500F585A5 = {
						CreatedOnToolsVersion = 14.3;
						TestTargetID = FB595AC72ACB4E8400F585A5;
					};
					FB595AE72ACB4E8500F585A5 = {
						CreatedOnToolsVersion = 14.3;
						TestTargetID = FB595AC72ACB4E8400F585A5;
					};
				};
			};
			buildConfigurationList = FB595AC32ACB4E8400F585A5 /* Build configuration list for PBXProject "PersonalityQuiz_Arca" */;
			compatibilityVersion = "Xcode 14.0";
			developmentRegion = en;
			hasScannedForEncodings = 0;
			knownRegions = (
				en,
				Base,
			);
			mainGroup = FB595ABF2ACB4E8400F585A5;
			productRefGroup = FB595AC92ACB4E8400F585A5 /* Products */;
			projectDirPath = "";
			projectRoot = "";
			targets = (
				FB595AC72ACB4E8400F585A5 /* PersonalityQuiz_Arca */,
				FB595ADD2ACB4E8500F585A5 /* PersonalityQuiz_ArcaTests */,
				FB595AE72ACB4E8500F585A5 /* PersonalityQuiz_ArcaUITests */,
			);
		};
/* End PBXProject section */

/* Begin PBXResourcesBuildPhase section */
		FB595AC62ACB4E8400F585A5 /* Resources */ = {
			isa = PBXResourcesBuildPhase;
			buildActionMask = 2147483647;
			files = (
				FB595AD82ACB4E8500F585A5 /* LaunchScreen.storyboard in Resources */,
				FB595AD52ACB4E8500F585A5 /* Assets.xcassets in Resources */,
				FB595AD32ACB4E8400F585A5 /* Main.storyboard in Resources */,
			);
			runOnlyForDeploymentPostprocessing = 0;
		};
		FB595ADC2ACB4E8500F585A5 /* Resources */ = {
			isa = PBXResourcesBuildPhase;
			buildActionMask = 2147483647;
			files = (
			);
			runOnlyForDeploymentPostprocessing = 0;
		};
		FB595AE62ACB4E8500F585A5 /* Resources */ = {
			isa = PBXResourcesBuildPhase;
			buildActionMask = 2147483647;
			files = (
			);
			runOnlyForDeploymentPostprocessing = 0;
		};
/* End PBXResourcesBuildPhase section */

/* Begin PBXSourcesBuildPhase section */
		FB595AC42ACB4E8400F585A5 /* Sources */ = {
			isa = PBXSourcesBuildPhase;
			buildActionMask = 2147483647;
			files = (
				FB595AD02ACB4E8400F585A5 /* ViewController.swift in Sources */,
				FB595ACC2ACB4E8400F585A5 /* AppDelegate.swift in Sources */,
				FB8824C52AE033EF00664B25 /* QuestionViewController.swift in Sources */,
				FB8824CB2AE03BAE00664B25 /* QuestionData.swift in Sources */,
				FB8824C72AE0340A00664B25 /* ResultsViewController.swift in Sources */,
				FB8824C92AE034D400664B25 /* IntroductionViewController.swift in Sources */,
				FB595ACE2ACB4E8400F585A5 /* SceneDelegate.swift in Sources */,
			);
			runOnlyForDeploymentPostprocessing = 0;
		};
		FB595ADA2ACB4E8500F585A5 /* Sources */ = {
			isa = PBXSourcesBuildPhase;
			buildActionMask = 2147483647;
			files = (
				FB595AE32ACB4E8500F585A5 /* PersonalityQuiz_ArcaTests.swift in Sources */,
			);
			runOnlyForDeploymentPostprocessing = 0;
		};
		FB595AE42ACB4E8500F585A5 /* Sources */ = {
			isa = PBXSourcesBuildPhase;
			buildActionMask = 2147483647;
			files = (
				FB595AED2ACB4E8500F585A5 /* PersonalityQuiz_ArcaUITests.swift in Sources */,
				FB595AEF2ACB4E8500F585A5 /* PersonalityQuiz_ArcaUITestsLaunchTests.swift in Sources */,
			);
			runOnlyForDeploymentPostprocessing = 0;
		};
/* End PBXSourcesBuildPhase section */

/* Begin PBXTargetDependency section */
		FB595AE02ACB4E8500F585A5 /* PBXTargetDependency */ = {
			isa = PBXTargetDependency;
			target = FB595AC72ACB4E8400F585A5 /* PersonalityQuiz_Arca */;
			targetProxy = FB595ADF2ACB4E8500F585A5 /* PBXContainerItemProxy */;
		};
		FB595AEA2ACB4E8500F585A5 /* PBXTargetDependency */ = {
			isa = PBXTargetDependency;
			target = FB595AC72ACB4E8400F585A5 /* PersonalityQuiz_Arca */;
			targetProxy = FB595AE92ACB4E8500F585A5 /* PBXContainerItemProxy */;
		};
/* End PBXTargetDependency section */

/* Begin PBXVariantGroup section */
		FB595AD12ACB4E8400F585A5 /* Main.storyboard */ = {
			isa = PBXVariantGroup;
			children = (
				FB595AD22ACB4E8400F585A5 /* Base */,
			);
			name = Main.storyboard;
			sourceTree = "<group>";
		};
		FB595AD62ACB4E8500F585A5 /* LaunchScreen.storyboard */ = {
			isa = PBXVariantGroup;
			children = (
				FB595AD72ACB4E8500F585A5 /* Base */,
			);
			name = LaunchScreen.storyboard;
			sourceTree = "<group>";
		};
/* End PBXVariantGroup section */

/* Begin XCBuildConfiguration section */
		FB595AF02ACB4E8500F585A5 /* Debug */ = {
			isa = XCBuildConfiguration;
			buildSettings = {
				ALWAYS_SEARCH_USER_PATHS = NO;
				CLANG_ANALYZER_NONNULL = YES;
				CLANG_ANALYZER_NUMBER_OBJECT_CONVERSION = YES_AGGRESSIVE;
				CLANG_CXX_LANGUAGE_STANDARD = "gnu++20";
				CLANG_ENABLE_MODULES = YES;
				CLANG_ENABLE_OBJC_ARC = YES;
				CLANG_ENABLE_OBJC_WEAK = YES;
				CLANG_WARN_BLOCK_CAPTURE_AUTORELEASING = YES;
				CLANG_WARN_BOOL_CONVERSION = YES;
				CLANG_WARN_COMMA = YES;
				CLANG_WARN_CONSTANT_CONVERSION = YES;
				CLANG_WARN_DEPRECATED_OBJC_IMPLEMENTATIONS = YES;
				CLANG_WARN_DIRECT_OBJC_ISA_USAGE = YES_ERROR;
				CLANG_WARN_DOCUMENTATION_COMMENTS = YES;
				CLANG_WARN_EMPTY_BODY = YES;
				CLANG_WARN_ENUM_CONVERSION = YES;
				CLANG_WARN_INFINITE_RECURSION = YES;
				CLANG_WARN_INT_CONVERSION = YES;
				CLANG_WARN_NON_LITERAL_NULL_CONVERSION = YES;
				CLANG_WARN_OBJC_IMPLICIT_RETAIN_SELF = YES;
				CLANG_WARN_OBJC_LITERAL_CONVERSION = YES;
				CLANG_WARN_OBJC_ROOT_CLASS = YES_ERROR;
				CLANG_WARN_QUOTED_INCLUDE_IN_FRAMEWORK_HEADER = YES;
				CLANG_WARN_RANGE_LOOP_ANALYSIS = YES;
				CLANG_WARN_STRICT_PROTOTYPES = YES;
				CLANG_WARN_SUSPICIOUS_MOVE = YES;
				CLANG_WARN_UNGUARDED_AVAILABILITY = YES_AGGRESSIVE;
				CLANG_WARN_UNREACHABLE_CODE = YES;
				CLANG_WARN__DUPLICATE_METHOD_MATCH = YES;
				COPY_PHASE_STRIP = NO;
				DEBUG_INFORMATION_FORMAT = dwarf;
				ENABLE_STRICT_OBJC_MSGSEND = YES;
				ENABLE_TESTABILITY = YES;
				GCC_C_LANGUAGE_STANDARD = gnu11;
				GCC_DYNAMIC_NO_PIC = NO;
				GCC_NO_COMMON_BLOCKS = YES;
				GCC_OPTIMIZATION_LEVEL = 0;
				GCC_PREPROCESSOR_DEFINITIONS = (
					"DEBUG=1",
					"$(inherited)",
				);
				GCC_WARN_64_TO_32_BIT_CONVERSION = YES;
				GCC_WARN_ABOUT_RETURN_TYPE = YES_ERROR;
				GCC_WARN_UNDECLARED_SELECTOR = YES;
				GCC_WARN_UNINITIALIZED_AUTOS = YES_AGGRESSIVE;
				GCC_WARN_UNUSED_FUNCTION = YES;
				GCC_WARN_UNUSED_VARIABLE = YES;
				IPHONEOS_DEPLOYMENT_TARGET = 16.4;
				MTL_ENABLE_DEBUG_INFO = INCLUDE_SOURCE;
				MTL_FAST_MATH = YES;
				ONLY_ACTIVE_ARCH = YES;
				SDKROOT = iphoneos;
				SWIFT_ACTIVE_COMPILATION_CONDITIONS = DEBUG;
				SWIFT_OPTIMIZATION_LEVEL = "-Onone";
			};
			name = Debug;
		};
		FB595AF12ACB4E8500F585A5 /* Release */ = {
			isa = XCBuildConfiguration;
			buildSettings = {
				ALWAYS_SEARCH_USER_PATHS = NO;
				CLANG_ANALYZER_NONNULL = YES;
				CLANG_ANALYZER_NUMBER_OBJECT_CONVERSION = YES_AGGRESSIVE;
				CLANG_CXX_LANGUAGE_STANDARD = "gnu++20";
				CLANG_ENABLE_MODULES = YES;
				CLANG_ENABLE_OBJC_ARC = YES;
				CLANG_ENABLE_OBJC_WEAK = YES;
				CLANG_WARN_BLOCK_CAPTURE_AUTORELEASING = YES;
				CLANG_WARN_BOOL_CONVERSION = YES;
				CLANG_WARN_COMMA = YES;
				CLANG_WARN_CONSTANT_CONVERSION = YES;
				CLANG_WARN_DEPRECATED_OBJC_IMPLEMENTATIONS = YES;
				CLANG_WARN_DIRECT_OBJC_ISA_USAGE = YES_ERROR;
				CLANG_WARN_DOCUMENTATION_COMMENTS = YES;
				CLANG_WARN_EMPTY_BODY = YES;
				CLANG_WARN_ENUM_CONVERSION = YES;
				CLANG_WARN_INFINITE_RECURSION = YES;
				CLANG_WARN_INT_CONVERSION = YES;
				CLANG_WARN_NON_LITERAL_NULL_CONVERSION = YES;
				CLANG_WARN_OBJC_IMPLICIT_RETAIN_SELF = YES;
				CLANG_WARN_OBJC_LITERAL_CONVERSION = YES;
				CLANG_WARN_OBJC_ROOT_CLASS = YES_ERROR;
				CLANG_WARN_QUOTED_INCLUDE_IN_FRAMEWORK_HEADER = YES;
				CLANG_WARN_RANGE_LOOP_ANALYSIS = YES;
				CLANG_WARN_STRICT_PROTOTYPES = YES;
				CLANG_WARN_SUSPICIOUS_MOVE = YES;
				CLANG_WARN_UNGUARDED_AVAILABILITY = YES_AGGRESSIVE;
				CLANG_WARN_UNREACHABLE_CODE = YES;
				CLANG_WARN__DUPLICATE_METHOD_MATCH = YES;
				COPY_PHASE_STRIP = NO;
				DEBUG_INFORMATION_FORMAT = "dwarf-with-dsym";
				ENABLE_NS_ASSERTIONS = NO;
				ENABLE_STRICT_OBJC_MSGSEND = YES;
				GCC_C_LANGUAGE_STANDARD = gnu11;
				GCC_NO_COMMON_BLOCKS = YES;
				GCC_WARN_64_TO_32_BIT_CONVERSION = YES;
				GCC_WARN_ABOUT_RETURN_TYPE = YES_ERROR;
				GCC_WARN_UNDECLARED_SELECTOR = YES;
				GCC_WARN_UNINITIALIZED_AUTOS = YES_AGGRESSIVE;
				GCC_WARN_UNUSED_FUNCTION = YES;
				GCC_WARN_UNUSED_VARIABLE = YES;
				IPHONEOS_DEPLOYMENT_TARGET = 16.4;
				MTL_ENABLE_DEBUG_INFO = NO;
				MTL_FAST_MATH = YES;
				SDKROOT = iphoneos;
				SWIFT_COMPILATION_MODE = wholemodule;
				SWIFT_OPTIMIZATION_LEVEL = "-O";
				VALIDATE_PRODUCT = YES;
			};
			name = Release;
		};
		FB595AF32ACB4E8500F585A5 /* Debug */ = {
			isa = XCBuildConfiguration;
			buildSettings = {
				ASSETCATALOG_COMPILER_APPICON_NAME = AppIcon;
				ASSETCATALOG_COMPILER_GLOBAL_ACCENT_COLOR_NAME = AccentColor;
				CODE_SIGN_STYLE = Automatic;
				CURRENT_PROJECT_VERSION = 1;
				GENERATE_INFOPLIST_FILE = YES;
				INFOPLIST_FILE = PersonalityQuiz_Arca/Info.plist;
				INFOPLIST_KEY_UIApplicationSupportsIndirectInputEvents = YES;
				INFOPLIST_KEY_UILaunchStoryboardName = LaunchScreen;
				INFOPLIST_KEY_UIMainStoryboardFile = Main;
				INFOPLIST_KEY_UISupportedInterfaceOrientations_iPad = "UIInterfaceOrientationPortrait UIInterfaceOrientationPortraitUpsideDown UIInterfaceOrientationLandscapeLeft UIInterfaceOrientationLandscapeRight";
				INFOPLIST_KEY_UISupportedInterfaceOrientations_iPhone = "UIInterfaceOrientationPortrait UIInterfaceOrientationLandscapeLeft UIInterfaceOrientationLandscapeRight";
				LD_RUNPATH_SEARCH_PATHS = (
					"$(inherited)",
					"@executable_path/Frameworks",
				);
				MARKETING_VERSION = 1.0;
				PRODUCT_BUNDLE_IDENTIFIER = "AnthonyArca.PersonalityQuiz-Arca";
				PRODUCT_NAME = "$(TARGET_NAME)";
				SWIFT_EMIT_LOC_STRINGS = YES;
				SWIFT_VERSION = 5.0;
				TARGETED_DEVICE_FAMILY = "1,2";
			};
			name = Debug;
		};
		FB595AF42ACB4E8500F585A5 /* Release */ = {
			isa = XCBuildConfiguration;
			buildSettings = {
				ASSETCATALOG_COMPILER_APPICON_NAME = AppIcon;
				ASSETCATALOG_COMPILER_GLOBAL_ACCENT_COLOR_NAME = AccentColor;
				CODE_SIGN_STYLE = Automatic;
				CURRENT_PROJECT_VERSION = 1;
				GENERATE_INFOPLIST_FILE = YES;
				INFOPLIST_FILE = PersonalityQuiz_Arca/Info.plist;
				INFOPLIST_KEY_UIApplicationSupportsIndirectInputEvents = YES;
				INFOPLIST_KEY_UILaunchStoryboardName = LaunchScreen;
				INFOPLIST_KEY_UIMainStoryboardFile = Main;
				INFOPLIST_KEY_UISupportedInterfaceOrientations_iPad = "UIInterfaceOrientationPortrait UIInterfaceOrientationPortraitUpsideDown UIInterfaceOrientationLandscapeLeft UIInterfaceOrientationLandscapeRight";
				INFOPLIST_KEY_UISupportedInterfaceOrientations_iPhone = "UIInterfaceOrientationPortrait UIInterfaceOrientationLandscapeLeft UIInterfaceOrientationLandscapeRight";
				LD_RUNPATH_SEARCH_PATHS = (
					"$(inherited)",
					"@executable_path/Frameworks",
				);
				MARKETING_VERSION = 1.0;
				PRODUCT_BUNDLE_IDENTIFIER = "AnthonyArca.PersonalityQuiz-Arca";
				PRODUCT_NAME = "$(TARGET_NAME)";
				SWIFT_EMIT_LOC_STRINGS = YES;
				SWIFT_VERSION = 5.0;
				TARGETED_DEVICE_FAMILY = "1,2";
			};
			name = Release;
		};
		FB595AF62ACB4E8500F585A5 /* Debug */ = {
			isa = XCBuildConfiguration;
			buildSettings = {
				ALWAYS_EMBED_SWIFT_STANDARD_LIBRARIES = YES;
				BUNDLE_LOADER = "$(TEST_HOST)";
				CODE_SIGN_STYLE = Automatic;
				CURRENT_PROJECT_VERSION = 1;
				GENERATE_INFOPLIST_FILE = YES;
				IPHONEOS_DEPLOYMENT_TARGET = 16.4;
				MARKETING_VERSION = 1.0;
				PRODUCT_BUNDLE_IDENTIFIER = "AnthonyArca.PersonalityQuiz-ArcaTests";
				PRODUCT_NAME = "$(TARGET_NAME)";
				SWIFT_EMIT_LOC_STRINGS = NO;
				SWIFT_VERSION = 5.0;
				TARGETED_DEVICE_FAMILY = "1,2";
				TEST_HOST = "$(BUILT_PRODUCTS_DIR)/PersonalityQuiz_Arca.app/$(BUNDLE_EXECUTABLE_FOLDER_PATH)/PersonalityQuiz_Arca";
			};
			name = Debug;
		};
		FB595AF72ACB4E8500F585A5 /* Release */ = {
			isa = XCBuildConfiguration;
			buildSettings = {
				ALWAYS_EMBED_SWIFT_STANDARD_LIBRARIES = YES;
				BUNDLE_LOADER = "$(TEST_HOST)";
				CODE_SIGN_STYLE = Automatic;
				CURRENT_PROJECT_VERSION = 1;
				GENERATE_INFOPLIST_FILE = YES;
				IPHONEOS_DEPLOYMENT_TARGET = 16.4;
				MARKETING_VERSION = 1.0;
				PRODUCT_BUNDLE_IDENTIFIER = "AnthonyArca.PersonalityQuiz-ArcaTests";
				PRODUCT_NAME = "$(TARGET_NAME)";
				SWIFT_EMIT_LOC_STRINGS = NO;
				SWIFT_VERSION = 5.0;
				TARGETED_DEVICE_FAMILY = "1,2";
				TEST_HOST = "$(BUILT_PRODUCTS_DIR)/PersonalityQuiz_Arca.app/$(BUNDLE_EXECUTABLE_FOLDER_PATH)/PersonalityQuiz_Arca";
			};
			name = Release;
		};
		FB595AF92ACB4E8500F585A5 /* Debug */ = {
			isa = XCBuildConfiguration;
			buildSettings = {
				ALWAYS_EMBED_SWIFT_STANDARD_LIBRARIES = YES;
				CODE_SIGN_STYLE = Automatic;
				CURRENT_PROJECT_VERSION = 1;
				GENERATE_INFOPLIST_FILE = YES;
				MARKETING_VERSION = 1.0;
				PRODUCT_BUNDLE_IDENTIFIER = "AnthonyArca.PersonalityQuiz-ArcaUITests";
				PRODUCT_NAME = "$(TARGET_NAME)";
				SWIFT_EMIT_LOC_STRINGS = NO;
				SWIFT_VERSION = 5.0;
				TARGETED_DEVICE_FAMILY = "1,2";
				TEST_TARGET_NAME = PersonalityQuiz_Arca;
			};
			name = Debug;
		};
		FB595AFA2ACB4E8500F585A5 /* Release */ = {
			isa = XCBuildConfiguration;
			buildSettings = {
				ALWAYS_EMBED_SWIFT_STANDARD_LIBRARIES = YES;
				CODE_SIGN_STYLE = Automatic;
				CURRENT_PROJECT_VERSION = 1;
				GENERATE_INFOPLIST_FILE = YES;
				MARKETING_VERSION = 1.0;
				PRODUCT_BUNDLE_IDENTIFIER = "AnthonyArca.PersonalityQuiz-ArcaUITests";
				PRODUCT_NAME = "$(TARGET_NAME)";
				SWIFT_EMIT_LOC_STRINGS = NO;
				SWIFT_VERSION = 5.0;
				TARGETED_DEVICE_FAMILY = "1,2";
				TEST_TARGET_NAME = PersonalityQuiz_Arca;
			};
			name = Release;
		};
/* End XCBuildConfiguration section */

/* Begin XCConfigurationList section */
		FB595AC32ACB4E8400F585A5 /* Build configuration list for PBXProject "PersonalityQuiz_Arca" */ = {
			isa = XCConfigurationList;
			buildConfigurations = (
				FB595AF02ACB4E8500F585A5 /* Debug */,
				FB595AF12ACB4E8500F585A5 /* Release */,
			);
			defaultConfigurationIsVisible = 0;
			defaultConfigurationName = Release;
		};
		FB595AF22ACB4E8500F585A5 /* Build configuration list for PBXNativeTarget "PersonalityQuiz_Arca" */ = {
			isa = XCConfigurationList;
			buildConfigurations = (
				FB595AF32ACB4E8500F585A5 /* Debug */,
				FB595AF42ACB4E8500F585A5 /* Release */,
			);
			defaultConfigurationIsVisible = 0;
			defaultConfigurationName = Release;
		};
		FB595AF52ACB4E8500F585A5 /* Build configuration list for PBXNativeTarget "PersonalityQuiz_ArcaTests" */ = {
			isa = XCConfigurationList;
			buildConfigurations = (
				FB595AF62ACB4E8500F585A5 /* Debug */,
				FB595AF72ACB4E8500F585A5 /* Release */,
			);
			defaultConfigurationIsVisible = 0;
			defaultConfigurationName = Release;
		};
		FB595AF82ACB4E8500F585A5 /* Build configuration list for PBXNativeTarget "PersonalityQuiz_ArcaUITests" */ = {
			isa = XCConfigurationList;
			buildConfigurations = (
				FB595AF92ACB4E8500F585A5 /* Debug */,
				FB595AFA2ACB4E8500F585A5 /* Release */,
			);
			defaultConfigurationIsVisible = 0;
			defaultConfigurationName = Release;
		};
/* End XCConfigurationList section */
	};
	rootObject = FB595AC02ACB4E8400F585A5 /* Project object */;
}
